
Microsoft Visual Studio Solution File, Format Version 12.00
# Visual Studio Version 17
VisualStudioVersion = 17.0.31919.166
MinimumVisualStudioVersion = 10.0.40219.1
Project("{FAE04EC0-301F-11D3-BF4B-00C04F79EFBC}") = "BigInteger", "BigInteger.csproj", "{EFC7E3DB-0C2A-4227-9881-68A5C5AE70E3}"
EndProject
Global
	GlobalSection(SolutionConfigurationPlatforms) = preSolution
		Debug|Any CPU = Debug|Any CPU
		Release|Any CPU = Release|Any CPU
	EndGlobalSection
	GlobalSection(ProjectConfigurationPlatforms) = postSolution
		{EFC7E3DB-0C2A-4227-9881-68A5C5AE70E3}.Debug|Any CPU.ActiveCfg = Debug|Any CPU
		{EFC7E3DB-0C2A-4227-9881-68A5C5AE70E3}.Debug|Any CPU.Build.0 = Debug|Any CPU
		{EFC7E3DB-0C2A-4227-9881-68A5C5AE70E3}.Release|Any CPU.ActiveCfg = Release|Any CPU
		{EFC7E3DB-0C2A-4227-9881-68A5C5AE70E3}.Release|Any CPU.Build.0 = Release|Any CPU
	EndGlobalSection
	GlobalSection(SolutionProperties) = preSolution
		HideSolutionNode = FALSE
	EndGlobalSection
	GlobalSection(ExtensibilityGlobals) = postSolution
		SolutionGuid = {F05FE317-6135-4447-9A5E-4406A3CA4645}
	EndGlobalSection
EndGlobal
