
Microsoft Visual Studio Solution File, Format Version 12.00
# Visual Studio Version 17
VisualStudioVersion = 17.4.33103.184
MinimumVisualStudioVersion = 10.0.40219.1
Project("{9A19103F-16F7-4668-BE54-9A1E7A4F7556}") = "Hex_Viewer", "Hex_Viewer.csproj", "{97CCEC57-A74A-4E50-8EA5-F8E851421CC1}"
EndProject
Project("{9A19103F-16F7-4668-BE54-9A1E7A4F7556}") = "BaseConverter", "..\BaseConverter\BaseConverter.csproj", "{4C1F366B-F074-491B-AA86-EC69AF04DDA8}"
EndProject
Global
	GlobalSection(SolutionConfigurationPlatforms) = preSolution
		Debug|Any CPU = Debug|Any CPU
		Release|Any CPU = Release|Any CPU
	EndGlobalSection
	GlobalSection(ProjectConfigurationPlatforms) = postSolution
		{97CCEC57-A74A-4E50-8EA5-F8E851421CC1}.Debug|Any CPU.ActiveCfg = Debug|Any CPU
		{97CCEC57-A74A-4E50-8EA5-F8E851421CC1}.Debug|Any CPU.Build.0 = Debug|Any CPU
		{97CCEC57-A74A-4E50-8EA5-F8E851421CC1}.Release|Any CPU.ActiveCfg = Release|Any CPU
		{97CCEC57-A74A-4E50-8EA5-F8E851421CC1}.Release|Any CPU.Build.0 = Release|Any CPU
		{4C1F366B-F074-491B-AA86-EC69AF04DDA8}.Debug|Any CPU.ActiveCfg = Debug|Any CPU
		{4C1F366B-F074-491B-AA86-EC69AF04DDA8}.Debug|Any CPU.Build.0 = Debug|Any CPU
		{4C1F366B-F074-491B-AA86-EC69AF04DDA8}.Release|Any CPU.ActiveCfg = Release|Any CPU
		{4C1F366B-F074-491B-AA86-EC69AF04DDA8}.Release|Any CPU.Build.0 = Release|Any CPU
	EndGlobalSection
	GlobalSection(SolutionProperties) = preSolution
		HideSolutionNode = FALSE
	EndGlobalSection
	GlobalSection(ExtensibilityGlobals) = postSolution
		SolutionGuid = {2C1D8B28-30C4-4E4E-AB58-EC180FA17A80}
	EndGlobalSection
EndGlobal
