
Microsoft Visual Studio Solution File, Format Version 12.00
# Visual Studio Version 17
VisualStudioVersion = 17.0.31919.166
MinimumVisualStudioVersion = 10.0.40219.1
Project("{FAE04EC0-301F-11D3-BF4B-00C04F79EFBC}") = "set2_without_arrays", "set2_without_arrays.csproj", "{B058403F-0C20-411B-B8CF-4B9D978E82CB}"
EndProject
Global
	GlobalSection(SolutionConfigurationPlatforms) = preSolution
		Debug|Any CPU = Debug|Any CPU
		Release|Any CPU = Release|Any CPU
	EndGlobalSection
	GlobalSection(ProjectConfigurationPlatforms) = postSolution
		{B058403F-0C20-411B-B8CF-4B9D978E82CB}.Debug|Any CPU.ActiveCfg = Debug|Any CPU
		{B058403F-0C20-411B-B8CF-4B9D978E82CB}.Debug|Any CPU.Build.0 = Debug|Any CPU
		{B058403F-0C20-411B-B8CF-4B9D978E82CB}.Release|Any CPU.ActiveCfg = Release|Any CPU
		{B058403F-0C20-411B-B8CF-4B9D978E82CB}.Release|Any CPU.Build.0 = Release|Any CPU
	EndGlobalSection
	GlobalSection(SolutionProperties) = preSolution
		HideSolutionNode = FALSE
	EndGlobalSection
	GlobalSection(ExtensibilityGlobals) = postSolution
		SolutionGuid = {D6756307-72DB-4950-9C9B-0EC26A31A457}
	EndGlobalSection
EndGlobal
