
Microsoft Visual Studio Solution File, Format Version 12.00
# Visual Studio Version 17
VisualStudioVersion = 17.0.31919.166
MinimumVisualStudioVersion = 10.0.40219.1
Project("{FAE04EC0-301F-11D3-BF4B-00C04F79EFBC}") = "float_error", "float_error.csproj", "{5A3C6206-ED26-4BF6-AA1E-77040CCD297C}"
EndProject
Global
	GlobalSection(SolutionConfigurationPlatforms) = preSolution
		Debug|Any CPU = Debug|Any CPU
		Release|Any CPU = Release|Any CPU
	EndGlobalSection
	GlobalSection(ProjectConfigurationPlatforms) = postSolution
		{5A3C6206-ED26-4BF6-AA1E-77040CCD297C}.Debug|Any CPU.ActiveCfg = Debug|Any CPU
		{5A3C6206-ED26-4BF6-AA1E-77040CCD297C}.Debug|Any CPU.Build.0 = Debug|Any CPU
		{5A3C6206-ED26-4BF6-AA1E-77040CCD297C}.Release|Any CPU.ActiveCfg = Release|Any CPU
		{5A3C6206-ED26-4BF6-AA1E-77040CCD297C}.Release|Any CPU.Build.0 = Release|Any CPU
	EndGlobalSection
	GlobalSection(SolutionProperties) = preSolution
		HideSolutionNode = FALSE
	EndGlobalSection
	GlobalSection(ExtensibilityGlobals) = postSolution
		SolutionGuid = {0081BA41-B5DD-40AA-BF1B-976FF4DFA967}
	EndGlobalSection
EndGlobal
