
Microsoft Visual Studio Solution File, Format Version 12.00
# Visual Studio Version 17
VisualStudioVersion = 17.4.33103.184
MinimumVisualStudioVersion = 10.0.40219.1
Project("{FAE04EC0-301F-11D3-BF4B-00C04F79EFBC}") = "laborator_11_18", "laborator_11_18.csproj", "{19CDC14D-9FC7-4C0D-9924-9763AF71968A}"
EndProject
Global
	GlobalSection(SolutionConfigurationPlatforms) = preSolution
		Debug|Any CPU = Debug|Any CPU
		Release|Any CPU = Release|Any CPU
	EndGlobalSection
	GlobalSection(ProjectConfigurationPlatforms) = postSolution
		{19CDC14D-9FC7-4C0D-9924-9763AF71968A}.Debug|Any CPU.ActiveCfg = Debug|Any CPU
		{19CDC14D-9FC7-4C0D-9924-9763AF71968A}.Debug|Any CPU.Build.0 = Debug|Any CPU
		{19CDC14D-9FC7-4C0D-9924-9763AF71968A}.Release|Any CPU.ActiveCfg = Release|Any CPU
		{19CDC14D-9FC7-4C0D-9924-9763AF71968A}.Release|Any CPU.Build.0 = Release|Any CPU
	EndGlobalSection
	GlobalSection(SolutionProperties) = preSolution
		HideSolutionNode = FALSE
	EndGlobalSection
	GlobalSection(ExtensibilityGlobals) = postSolution
		SolutionGuid = {25480497-592F-4832-9714-4AC6B7370CEB}
	EndGlobalSection
EndGlobal
